
Microsoft Visual Studio Solution File, Format Version 12.00
# Visual Studio Version 17
VisualStudioVersion = 17.6.33815.320
MinimumVisualStudioVersion = 10.0.40219.1
Project("{FAE04EC0-301F-11D3-BF4B-00C04F79EFBC}") = "TNTT.UserApi", "TNTT.UserApi\TNTT.UserApi.csproj", "{CFF5173F-45DC-4F4F-B281-816355885027}"
EndProject
Global
	GlobalSection(SolutionConfigurationPlatforms) = preSolution
		Debug|Any CPU = Debug|Any CPU
		Release|Any CPU = Release|Any CPU
	EndGlobalSection
	GlobalSection(ProjectConfigurationPlatforms) = postSolution
		{CFF5173F-45DC-4F4F-B281-816355885027}.Debug|Any CPU.ActiveCfg = Debug|Any CPU
		{CFF5173F-45DC-4F4F-B281-816355885027}.Debug|Any CPU.Build.0 = Debug|Any CPU
		{CFF5173F-45DC-4F4F-B281-816355885027}.Release|Any CPU.ActiveCfg = Release|Any CPU
		{CFF5173F-45DC-4F4F-B281-816355885027}.Release|Any CPU.Build.0 = Release|Any CPU
	EndGlobalSection
	GlobalSection(SolutionProperties) = preSolution
		HideSolutionNode = FALSE
	EndGlobalSection
	GlobalSection(ExtensibilityGlobals) = postSolution
		SolutionGuid = {A4592EB3-BFB8-44C8-AE19-B4777B7F3FC6}
	EndGlobalSection
EndGlobal
